<?xml version="1.0" encoding="utf-8"?>
<Project ToolsVersion="4.0" xmlns="http://schemas.microsoft.com/developer/msbuild/2003">
  <ItemGroup>
    <Filter Include="Inc">
      <UniqueIdentifier>{3da7b4d7-0330-4316-943a-59ae4b9258ac}</UniqueIdentifier>
    </Filter>
    <Filter Include="Src">
      <UniqueIdentifier>{b86b1493-eebf-4b27-9212-c11c0038b806}</UniqueIdentifier>
    </Filter>
  </ItemGroup>
  <ItemGroup>
    <ClInclude Include="GameState.h">
      <Filter>Inc</Filter>
    </ClInclude>
  </ItemGroup>
  <ItemGroup>
    <ClCompile Include="GameState.cpp">
      <Filter>Src</Filter>
    </ClCompile>
    <ClCompile Include="WinMain.cpp">
      <Filter>Src</Filter>
    </ClCompile>
  </ItemGroup>
</Project>