<?xml version="1.0" encoding="utf-8"?>
<Project ToolsVersion="4.0" xmlns="http://schemas.microsoft.com/developer/msbuild/2003">
  <ItemGroup>
    <Filter Include="Src">
      <UniqueIdentifier>{4FC737F1-C7A5-4376-A066-2A32D752A2FF}</UniqueIdentifier>
      <Extensions>cpp;c;cc;cxx;def;odl;idl;hpj;bat;asm;asmx</Extensions>
    </Filter>
    <Filter Include="Inc">
      <UniqueIdentifier>{93995380-89BD-4b04-88EB-625FBE52EBFB}</UniqueIdentifier>
      <Extensions>h;hh;hpp;hxx;hm;inl;inc;ipp;xsd</Extensions>
    </Filter>
    <Filter Include="Inc\Components">
      <UniqueIdentifier>{c8fe327d-ea9d-473f-8578-67506e2dd4d6}</UniqueIdentifier>
    </Filter>
    <Filter Include="Src\Components">
      <UniqueIdentifier>{555a3403-93e1-4264-8ff2-dae7724f651d}</UniqueIdentifier>
    </Filter>
    <Filter Include="Src\Services">
      <UniqueIdentifier>{b49c43a2-b7a3-49b4-bb9c-bede0c118fef}</UniqueIdentifier>
    </Filter>
    <Filter Include="Inc\Services">
      <UniqueIdentifier>{15e17a75-013d-4550-8593-7efc61f680db}</UniqueIdentifier>
    </Filter>
    <Filter Include="Src\App">
      <UniqueIdentifier>{f09e0efc-13b2-4b7a-b1c0-d43fe57c5f5b}</UniqueIdentifier>
    </Filter>
    <Filter Include="Src\World">
      <UniqueIdentifier>{75dd0e71-919a-41aa-87a8-a0ed2b052c13}</UniqueIdentifier>
    </Filter>
    <Filter Include="Src\Meta">
      <UniqueIdentifier>{aba79f46-2a57-4df4-bc23-9569e05fde06}</UniqueIdentifier>
    </Filter>
    <Filter Include="Src\pch">
      <UniqueIdentifier>{986837ec-e387-43d7-af4d-ddcc7dc9789f}</UniqueIdentifier>
    </Filter>
    <Filter Include="Inc\App">
      <UniqueIdentifier>{d17cdbee-7868-4233-ab27-8f761104ac2c}</UniqueIdentifier>
    </Filter>
    <Filter Include="Inc\World">
      <UniqueIdentifier>{a3118f56-8d07-4b61-8e7c-5245f6b90941}</UniqueIdentifier>
    </Filter>
    <Filter Include="Inc\Editor">
      <UniqueIdentifier>{e3fadd2b-e2b4-4290-a9ba-265baa009803}</UniqueIdentifier>
    </Filter>
    <Filter Include="Src\Editor">
      <UniqueIdentifier>{6cbc1915-0229-4cfc-a57b-54836e3bd2f9}</UniqueIdentifier>
    </Filter>
  </ItemGroup>
  <ItemGroup>
    <ClInclude Include="Inc\Klink.h">
      <Filter>Inc</Filter>
    </ClInclude>
    <ClInclude Include="Inc\Common.h">
      <Filter>Inc</Filter>
    </ClInclude>
    <ClInclude Include="Inc\TransformComponent.h">
      <Filter>Inc\Components</Filter>
    </ClInclude>
    <ClInclude Include="Inc\ColliderComponent.h">
      <Filter>Inc\Components</Filter>
    </ClInclude>
    <ClInclude Include="Src\Precompiled.h">
      <Filter>Src\pch</Filter>
    </ClInclude>
    <ClInclude Include="Inc\App.h">
      <Filter>Inc\App</Filter>
    </ClInclude>
    <ClInclude Include="SRC\AppState.h">
      <Filter>Inc\App</Filter>
    </ClInclude>
    <ClInclude Include="Inc\World.h">
      <Filter>Inc\World</Filter>
    </ClInclude>
    <ClInclude Include="Inc\GameObjectFactory.h">
      <Filter>Inc\World</Filter>
    </ClInclude>
    <ClInclude Include="Inc\GameObject.h">
      <Filter>Inc\World</Filter>
    </ClInclude>
    <ClInclude Include="Inc\Component.h">
      <Filter>Inc\World</Filter>
    </ClInclude>
    <ClInclude Include="Inc\Service.h">
      <Filter>Inc\World</Filter>
    </ClInclude>
    <ClInclude Include="Inc\MetaRegistration.h">
      <Filter>Src\Meta</Filter>
    </ClInclude>
    <ClInclude Include="Inc\Editor.h">
      <Filter>Inc\Editor</Filter>
    </ClInclude>
  </ItemGroup>
  <ItemGroup>
    <ClCompile Include="Src\TransformComponent.cpp">
      <Filter>Src\Components</Filter>
    </ClCompile>
    <ClCompile Include="Src\ColliderComponent.cpp">
      <Filter>Src\Components</Filter>
    </ClCompile>
    <ClCompile Include="Src\GameObject.cpp">
      <Filter>Src\World</Filter>
    </ClCompile>
    <ClCompile Include="Src\GameObjectFactory.cpp">
      <Filter>Src\World</Filter>
    </ClCompile>
    <ClCompile Include="Src\MetaRegistration.cpp">
      <Filter>Src\Meta</Filter>
    </ClCompile>
    <ClCompile Include="Src\World.cpp">
      <Filter>Src\World</Filter>
    </ClCompile>
    <ClCompile Include="Src\App.cpp">
      <Filter>Src\App</Filter>
    </ClCompile>
    <ClCompile Include="Src\Precompiled.cpp">
      <Filter>Src\pch</Filter>
    </ClCompile>
    <ClCompile Include="Src\Klink.cpp">
      <Filter>Src</Filter>
    </ClCompile>
    <ClCompile Include="Src\Service.cpp">
      <Filter>Src\World</Filter>
    </ClCompile>
    <ClCompile Include="Src\Component.cpp">
      <Filter>Src\World</Filter>
    </ClCompile>
    <ClCompile Include="Src\Editor.cpp">
      <Filter>Src\Editor</Filter>
    </ClCompile>
  </ItemGroup>
</Project>