<?xml version="1.0" encoding="utf-8"?>
<Project ToolsVersion="4.0" xmlns="http://schemas.microsoft.com/developer/msbuild/2003">
  <ItemGroup>
    <ClInclude Include="Src\Precompiled.h">
      <Filter>Src</Filter>
    </ClInclude>
    <ClInclude Include="Inc\JMath.h">
      <Filter>Inc</Filter>
    </ClInclude>
    <ClInclude Include="Inc\Vector2.h">
      <Filter>Inc\LinearAlgebra</Filter>
    </ClInclude>
    <ClInclude Include="Inc\Vector3.h">
      <Filter>Inc\LinearAlgebra</Filter>
    </ClInclude>
    <ClInclude Include="Inc\Vector4.h">
      <Filter>Inc\LinearAlgebra</Filter>
    </ClInclude>
    <ClInclude Include="Inc\Quaternion.h">
      <Filter>Inc\LinearAlgebra</Filter>
    </ClInclude>
    <ClInclude Include="Inc\Matrix3.h">
      <Filter>Inc\LinearAlgebra</Filter>
    </ClInclude>
    <ClInclude Include="Inc\Matrix4.h">
      <Filter>Inc\LinearAlgebra</Filter>
    </ClInclude>
    <ClInclude Include="Inc\Primitive2D.h">
      <Filter>Inc\Geometry2D</Filter>
    </ClInclude>
    <ClInclude Include="Inc\Common.h">
      <Filter>Inc</Filter>
    </ClInclude>
    <ClInclude Include="Inc\Constants.h">
      <Filter>Inc</Filter>
    </ClInclude>
    <ClInclude Include="Inc\MetaRegistration.h">
      <Filter>Inc</Filter>
    </ClInclude>
    <ClInclude Include="Inc\Random.h">
      <Filter>Inc</Filter>
    </ClInclude>
  </ItemGroup>
  <ItemGroup>
    <Filter Include="Inc">
      <UniqueIdentifier>{b7396b90-5035-4db5-92c7-604766f7c4cd}</UniqueIdentifier>
    </Filter>
    <Filter Include="Src">
      <UniqueIdentifier>{5ecf17b8-f870-41ca-96d4-331d8b482507}</UniqueIdentifier>
    </Filter>
    <Filter Include="Inc\Geometry2D">
      <UniqueIdentifier>{04e42f38-d2c3-4d45-a91b-bc500d5103ce}</UniqueIdentifier>
    </Filter>
    <Filter Include="Inc\Geometry3D">
      <UniqueIdentifier>{ceb97b51-b476-48a2-9a0f-21df2b051545}</UniqueIdentifier>
    </Filter>
    <Filter Include="Inc\LinearAlgebra">
      <UniqueIdentifier>{c8d95aa8-16cb-4927-b777-d79b1e1e655f}</UniqueIdentifier>
    </Filter>
  </ItemGroup>
  <ItemGroup>
    <ClCompile Include="Src\Precompiled.cpp">
      <Filter>Src</Filter>
    </ClCompile>
    <ClCompile Include="Src\JMath.cpp">
      <Filter>Src</Filter>
    </ClCompile>
    <ClCompile Include="Src\MetaRegistration.cpp">
      <Filter>Src</Filter>
    </ClCompile>
  </ItemGroup>
</Project>