<?xml version="1.0" encoding="utf-8"?>
<Project ToolsVersion="4.0" xmlns="http://schemas.microsoft.com/developer/msbuild/2003">
  <ItemGroup>
    <ClCompile Include="WinMain.cpp" />
    <ClCompile Include="Src\GameState.cpp">
      <Filter>Src</Filter>
    </ClCompile>
    <ClCompile Include="Src\Grass.cpp">
      <Filter>Src</Filter>
    </ClCompile>
    <ClCompile Include="Src\Sheep.cpp">
      <Filter>Src</Filter>
    </ClCompile>
  </ItemGroup>
  <ItemGroup>
    <Filter Include="Inc">
      <UniqueIdentifier>{6e02bac3-5b32-4cde-a56a-673c3d778817}</UniqueIdentifier>
    </Filter>
    <Filter Include="Src">
      <UniqueIdentifier>{bbc460be-c740-495d-8695-fcf5a472ed70}</UniqueIdentifier>
    </Filter>
  </ItemGroup>
  <ItemGroup>
    <ClInclude Include="Inc\Common.h">
      <Filter>Inc</Filter>
    </ClInclude>
    <ClInclude Include="Inc\GameState.h">
      <Filter>Inc</Filter>
    </ClInclude>
    <ClInclude Include="Inc\Grass.h">
      <Filter>Inc</Filter>
    </ClInclude>
    <ClInclude Include="Inc\Sheep.h">
      <Filter>Inc</Filter>
    </ClInclude>
    <ClInclude Include="Inc\Wolf.h">
      <Filter>Inc</Filter>
    </ClInclude>
  </ItemGroup>
</Project>